# THIS IS AN AUTOGENERATED FILE. DO NOT EDIT THIS FILE DIRECTLY.
# yarn lockfile v1


react-hook-form@^6.15.4:
  version "6.15.4"
  resolved "https://registry.yarnpkg.com/react-hook-form/-/react-hook-form-6.15.4.tgz#328003e1ccc096cd158899ffe7e3b33735a9b024"
  integrity sha512-K+Sw33DtTMengs8OdqFJI3glzNl1wBzSefD/ksQw/hJf9CnOHQAU6qy82eOrh0IRNt2G53sjr7qnnw1JDjvx1w==
